// !$*UTF8*$!
{
	archiveVersion = 1;
	classes = {
	};
	objectVersion = 46;
	objects = {

/* Begin PBXBuildFile section */
		F59A399C1ED4E989000AC834 /* AppDelegate.swift in Sources */ = {isa = PBXBuildFile; fileRef = F59A399B1ED4E989000AC834 /* AppDelegate.swift */; };
		F59A399E1ED4E989000AC834 /* ViewController.swift in Sources */ = {isa = PBXBuildFile; fileRef = F59A399D1ED4E989000AC834 /* ViewController.swift */; };
		F59A39A31ED4E989000AC834 /* Assets.xcassets in Resources */ = {isa = PBXBuildFile; fileRef = F59A39A21ED4E989000AC834 /* Assets.xcassets */; };
		F59A39A61ED4E989000AC834 /* LaunchScreen.storyboard in Resources */ = {isa = PBXBuildFile; fileRef = F59A39A41ED4E989000AC834 /* LaunchScreen.storyboard */; };
		F59A39AE1ED4E9AC000AC834 /* Main.storyboard in Resources */ = {isa = PBXBuildFile; fileRef = F59A39AD1ED4E9AC000AC834 /* Main.storyboard */; };
/* End PBXBuildFile section */

/* Begin PBXFileReference section */
		F59A39981ED4E989000AC834 /* basicCalC.app */ = {isa = PBXFileReference; explicitFileType = wrapper.application; includeInIndex = 0; path = basicCalC.app; sourceTree = BUILT_PRODUCTS_DIR; };
		F59A399B1ED4E989000AC834 /* AppDelegate.swift */ = {isa = PBXFileReference; lastKnownFileType = sourcecode.swift; path = AppDelegate.swift; sourceTree = "<group>"; };
		F59A399D1ED4E989000AC834 /* ViewController.swift */ = {isa = PBXFileReference; lastKnownFileType = sourcecode.swift; path = ViewController.swift; sourceTree = "<group>"; };
		F59A39A21ED4E989000AC834 /* Assets.xcassets */ = {isa = PBXFileReference; lastKnownFileType = folder.assetcatalog; path = Assets.xcassets; sourceTree = "<group>"; };
		F59A39A51ED4E989000AC834 /* Base */ = {isa = PBXFileReference; lastKnownFileType = file.storyboard; name = Base; path = Base.lproj/LaunchScreen.storyboard; sourceTree = "<group>"; };
		F59A39A71ED4E989000AC834 /* Info.plist */ = {isa = PBXFileReference; lastKnownFileType = text.plist.xml; path = Info.plist; sourceTree = "<group>"; };
		F59A39AD1ED4E9AC000AC834 /* Main.storyboard */ = {isa = PBXFileReference; fileEncoding = 4; lastKnownFileType = file.storyboard; name = Main.storyboard; path = ../../../Main.storyboard; sourceTree = "<group>"; };
/* End PBXFileReference section */

/* Begin PBXFrameworksBuildPhase section */
		F59A39951ED4E989000AC834 /* Frameworks */ = {
			isa = PBXFrameworksBuildPhase;
			buildActionMask = 2147483647;
			files = (
			);
			runOnlyForDeploymentPostprocessing = 0;
		};
/* End PBXFrameworksBuildPhase section */

/* Begin PBXGroup section */
		F59A398F1ED4E989000AC834 = {
			isa = PBXGroup;
			children = (
				F59A399A1ED4E989000AC834 /* basicCalC */,
				F59A39991ED4E989000AC834 /* Products */,
			);
			sourceTree = "<group>";
		};
		F59A39991ED4E989000AC834 /* Products */ = {
			isa = PBXGroup;
			children = (
				F59A39981ED4E989000AC834 /* basicCalC.app */,
			);
			name = Products;
			sourceTree = "<group>";
		};
		F59A399A1ED4E989000AC834 /* basicCalC */ = {
			isa = PBXGroup;
			children = (
				F59A399B1ED4E989000AC834 /* AppDelegate.swift */,
				F59A399D1ED4E989000AC834 /* ViewController.swift */,
				F59A39AD1ED4E9AC000AC834 /* Main.storyboard */,
				F59A39A21ED4E989000AC834 /* Assets.xcassets */,
				F59A39A41ED4E989000AC834 /* LaunchScreen.storyboard */,
				F59A39A71ED4E989000AC834 /* Info.plist */,
			);
			path = basicCalC;
			sourceTree = "<group>";
		};
/* End PBXGroup section */

/* Begin PBXNativeTarget section */
		F59A39971ED4E989000AC834 /* basicCalC */ = {
			isa = PBXNativeTarget;
			buildConfigurationList = F59A39AA1ED4E989000AC834 /* Build configuration list for PBXNativeTarget "basicCalC" */;
			buildPhases = (
				F59A39941ED4E989000AC834 /* Sources */,
				F59A39951ED4E989000AC834 /* Frameworks */,
				F59A39961ED4E989000AC834 /* Resources */,
			);
			buildRules = (
			);
			dependencies = (
			);
			name = basicCalC;
			productName = basicCalC;
			productReference = F59A39981ED4E989000AC834 /* basicCalC.app */;
			productType = "com.apple.product-type.application";
		};
/* End PBXNativeTarget section */

/* Begin PBXProject section */
		F59A39901ED4E989000AC834 /* Project object */ = {
			isa = PBXProject;
			attributes = {
				LastSwiftUpdateCheck = 0830;
				LastUpgradeCheck = 0830;
				ORGANIZATIONNAME = dhaya;
				TargetAttributes = {
					F59A39971ED4E989000AC834 = {
						CreatedOnToolsVersion = 8.3.2;
						DevelopmentTeam = L5TGCNWYET;
						ProvisioningStyle = Automatic;
					};
				};
			};
			buildConfigurationList = F59A39931ED4E989000AC834 /* Build configuration list for PBXProject "basicCalC" */;
			compatibilityVersion = "Xcode 3.2";
			developmentRegion = English;
			hasScannedForEncodings = 0;
			knownRegions = (
				en,
				Base,
			);
			mainGroup = F59A398F1ED4E989000AC834;
			productRefGroup = F59A39991ED4E989000AC834 /* Products */;
			projectDirPath = "";
			projectRoot = "";
			targets = (
				F59A39971ED4E989000AC834 /* basicCalC */,
			);
		};
/* End PBXProject section */

/* Begin PBXResourcesBuildPhase section */
		F59A39961ED4E989000AC834 /* Resources */ = {
			isa = PBXResourcesBuildPhase;
			buildActionMask = 2147483647;
			files = (
				F59A39AE1ED4E9AC000AC834 /* Main.storyboard in Resources */,
				F59A39A61ED4E989000AC834 /* LaunchScreen.storyboard in Resources */,
				F59A39A31ED4E989000AC834 /* Assets.xcassets in Resources */,
			);
			runOnlyForDeploymentPostprocessing = 0;
		};
/* End PBXResourcesBuildPhase section */

/* Begin PBXSourcesBuildPhase section */
		F59A39941ED4E989000AC834 /* Sources */ = {
			isa = PBXSourcesBuildPhase;
			buildActionMask = 2147483647;
			files = (
				F59A399E1ED4E989000AC834 /* ViewController.swift in Sources */,
				F59A399C1ED4E989000AC834 /* AppDelegate.swift in Sources */,
			);
			runOnlyForDeploymentPostprocessing = 0;
		};
/* End PBXSourcesBuildPhase section */

/* Begin PBXVariantGroup section */
		F59A39A41ED4E989000AC834 /* LaunchScreen.storyboard */ = {
			isa = PBXVariantGroup;
			children = (
				F59A39A51ED4E989000AC834 /* Base */,
			);
			name = LaunchScreen.storyboard;
			sourceTree = "<group>";
		};
/* End PBXVariantGroup section */

/* Begin XCBuildConfiguration section */
		F59A39A81ED4E989000AC834 /* Debug */ = {
			isa = XCBuildConfiguration;
			buildSettings = {
				ALWAYS_SEARCH_USER_PATHS = NO;
				CLANG_ANALYZER_NONNULL = YES;
				CLANG_ANALYZER_NUMBER_OBJECT_CONVERSION = YES_AGGRESSIVE;
				CLANG_CXX_LANGUAGE_STANDARD = "gnu++0x";
				CLANG_CXX_LIBRARY = "libc++";
				CLANG_ENABLE_MODULES = YES;
				CLANG_ENABLE_OBJC_ARC = YES;
				CLANG_WARN_BOOL_CONVERSION = YES;
				CLANG_WARN_CONSTANT_CONVERSION = YES;
				CLANG_WARN_DIRECT_OBJC_ISA_USAGE = YES_ERROR;
				CLANG_WARN_DOCUMENTATION_COMMENTS = YES;
				CLANG_WARN_EMPTY_BODY = YES;
				CLANG_WARN_ENUM_CONVERSION = YES;
				CLANG_WARN_INFINITE_RECURSION = YES;
				CLANG_WARN_INT_CONVERSION = YES;
				CLANG_WARN_OBJC_ROOT_CLASS = YES_ERROR;
				CLANG_WARN_SUSPICIOUS_MOVE = YES;
				CLANG_WARN_UNREACHABLE_CODE = YES;
				CLANG_WARN__DUPLICATE_METHOD_MATCH = YES;
				"CODE_SIGN_IDENTITY[sdk=iphoneos*]" = "iPhone Developer";
				COPY_PHASE_STRIP = NO;
				DEBUG_INFORMATION_FORMAT = dwarf;
				ENABLE_STRICT_OBJC_MSGSEND = YES;
				ENABLE_TESTABILITY = YES;
				GCC_C_LANGUAGE_STANDARD = gnu99;
				GCC_DYNAMIC_NO_PIC = NO;
				GCC_NO_COMMON_BLOCKS = YES;
				GCC_OPTIMIZATION_LEVEL = 0;
				GCC_PREPROCESSOR_DEFINITIONS = (
					"DEBUG=1",
					"$(inherited)",
				);
				GCC_WARN_64_TO_32_BIT_CONVERSION = YES;
				GCC_WARN_ABOUT_RETURN_TYPE = YES_ERROR;
				GCC_WARN_UNDECLARED_SELECTOR = YES;
				GCC_WARN_UNINITIALIZED_AUTOS = YES_AGGRESSIVE;
				GCC_WARN_UNUSED_FUNCTION = YES;
				GCC_WARN_UNUSED_VARIABLE = YES;
				IPHONEOS_DEPLOYMENT_TARGET = 10.3;
				MTL_ENABLE_DEBUG_INFO = YES;
				ONLY_ACTIVE_ARCH = YES;
				SDKROOT = iphoneos;
				SWIFT_ACTIVE_COMPILATION_CONDITIONS = DEBUG;
				SWIFT_OPTIMIZATION_LEVEL = "-Onone";
				TARGETED_DEVICE_FAMILY = "1,2";
			};
			name = Debug;
		};
		F59A39A91ED4E989000AC834 /* Release */ = {
			isa = XCBuildConfiguration;
			buildSettings = {
				ALWAYS_SEARCH_USER_PATHS = NO;
				CLANG_ANALYZER_NONNULL = YES;
				CLANG_ANALYZER_NUMBER_OBJECT_CONVERSION = YES_AGGRESSIVE;
				CLANG_CXX_LANGUAGE_STANDARD = "gnu++0x";
				CLANG_CXX_LIBRARY = "libc++";
				CLANG_ENABLE_MODULES = YES;
				CLANG_ENABLE_OBJC_ARC = YES;
				CLANG_WARN_BOOL_CONVERSION = YES;
				CLANG_WARN_CONSTANT_CONVERSION = YES;
				CLANG_WARN_DIRECT_OBJC_ISA_USAGE = YES_ERROR;
				CLANG_WARN_DOCUMENTATION_COMMENTS = YES;
				CLANG_WARN_EMPTY_BODY = YES;
				CLANG_WARN_ENUM_CONVERSION = YES;
				CLANG_WARN_INFINITE_RECURSION = YES;
				CLANG_WARN_INT_CONVERSION = YES;
				CLANG_WARN_OBJC_ROOT_CLASS = YES_ERROR;
				CLANG_WARN_SUSPICIOUS_MOVE = YES;
				CLANG_WARN_UNREACHABLE_CODE = YES;
				CLANG_WARN__DUPLICATE_METHOD_MATCH = YES;
				"CODE_SIGN_IDENTITY[sdk=iphoneos*]" = "iPhone Developer";
				COPY_PHASE_STRIP = NO;
				DEBUG_INFORMATION_FORMAT = "dwarf-with-dsym";
				ENABLE_NS_ASSERTIONS = NO;
				ENABLE_STRICT_OBJC_MSGSEND = YES;
				GCC_C_LANGUAGE_STANDARD = gnu99;
				GCC_NO_COMMON_BLOCKS = YES;
				GCC_WARN_64_TO_32_BIT_CONVERSION = YES;
				GCC_WARN_ABOUT_RETURN_TYPE = YES_ERROR;
				GCC_WARN_UNDECLARED_SELECTOR = YES;
				GCC_WARN_UNINITIALIZED_AUTOS = YES_AGGRESSIVE;
				GCC_WARN_UNUSED_FUNCTION = YES;
				GCC_WARN_UNUSED_VARIABLE = YES;
				IPHONEOS_DEPLOYMENT_TARGET = 10.3;
				MTL_ENABLE_DEBUG_INFO = NO;
				SDKROOT = iphoneos;
				SWIFT_OPTIMIZATION_LEVEL = "-Owholemodule";
				TARGETED_DEVICE_FAMILY = "1,2";
				VALIDATE_PRODUCT = YES;
			};
			name = Release;
		};
		F59A39AB1ED4E989000AC834 /* Debug */ = {
			isa = XCBuildConfiguration;
			buildSettings = {
				ASSETCATALOG_COMPILER_APPICON_NAME = AppIcon;
				DEVELOPMENT_TEAM = L5TGCNWYET;
				INFOPLIST_FILE = basicCalC/Info.plist;
				IPHONEOS_DEPLOYMENT_TARGET = 10.0;
				LD_RUNPATH_SEARCH_PATHS = "$(inherited) @executable_path/Frameworks";
				PRODUCT_BUNDLE_IDENTIFIER = com.dhaya.basicCalC;
				PRODUCT_NAME = "$(TARGET_NAME)";
				SWIFT_VERSION = 3.0;
			};
			name = Debug;
		};
		F59A39AC1ED4E989000AC834 /* Release */ = {
			isa = XCBuildConfiguration;
			buildSettings = {
				ASSETCATALOG_COMPILER_APPICON_NAME = AppIcon;
				DEVELOPMENT_TEAM = L5TGCNWYET;
				INFOPLIST_FILE = basicCalC/Info.plist;
				IPHONEOS_DEPLOYMENT_TARGET = 10.0;
				LD_RUNPATH_SEARCH_PATHS = "$(inherited) @executable_path/Frameworks";
				PRODUCT_BUNDLE_IDENTIFIER = com.dhaya.basicCalC;
				PRODUCT_NAME = "$(TARGET_NAME)";
				SWIFT_VERSION = 3.0;
			};
			name = Release;
		};
/* End XCBuildConfiguration section */

/* Begin XCConfigurationList section */
		F59A39931ED4E989000AC834 /* Build configuration list for PBXProject "basicCalC" */ = {
			isa = XCConfigurationList;
			buildConfigurations = (
				F59A39A81ED4E989000AC834 /* Debug */,
				F59A39A91ED4E989000AC834 /* Release */,
			);
			defaultConfigurationIsVisible = 0;
			defaultConfigurationName = Release;
		};
		F59A39AA1ED4E989000AC834 /* Build configuration list for PBXNativeTarget "basicCalC" */ = {
			isa = XCConfigurationList;
			buildConfigurations = (
				F59A39AB1ED4E989000AC834 /* Debug */,
				F59A39AC1ED4E989000AC834 /* Release */,
			);
			defaultConfigurationIsVisible = 0;
		};
/* End XCConfigurationList section */
	};
	rootObject = F59A39901ED4E989000AC834 /* Project object */;
}
